
Microsoft Visual Studio Solution File, Format Version 12.00
# Visual Studio 2013
VisualStudioVersion = 12.0.30723.0
MinimumVisualStudioVersion = 10.0.40219.1
Project("{FAE04EC0-301F-11D3-BF4B-00C04F79EFBC}") = "WindowPositions", "WindowPositions\WindowPositions.csproj", "{EDDDB344-360B-48F8-959E-53D00807ABC2}"
EndProject
Project("{2150E333-8FDC-42A3-9474-1A3956D46DE8}") = "deps", "deps", "{0C2E43F2-E51D-43E4-A582-FD0FDA0B2E88}"
EndProject
Project("{FAE04EC0-301F-11D3-BF4B-00C04F79EFBC}") = "LordJZ", "deps\LordJZ\LordJZ.csproj", "{BCBF18DB-31A8-4553-BCBF-77D6C7790259}"
EndProject
Project("{FAE04EC0-301F-11D3-BF4B-00C04F79EFBC}") = "LordJZ.Presentation", "deps\LordJZ.Presentation\LordJZ.Presentation.csproj", "{DC0D7136-5F0D-4FBD-BD8D-B4F28DC10C11}"
EndProject
Project("{FAE04EC0-301F-11D3-BF4B-00C04F79EFBC}") = "LordJZ.WinAPI", "deps\LordJZ.WinAPI\LordJZ.WinAPI.csproj", "{44947934-AC3F-40E0-9303-21EF5975FD7F}"
EndProject
Project("{FAE04EC0-301F-11D3-BF4B-00C04F79EFBC}") = "LordJZ.Tests", "deps\LordJZ.Tests\LordJZ.Tests.csproj", "{9AD0F1B4-0287-4E8D-9BBE-6A2738EF8063}"
EndProject
Global
	GlobalSection(SolutionConfigurationPlatforms) = preSolution
		Debug No Contracts|Any CPU = Debug No Contracts|Any CPU
		Debug|Any CPU = Debug|Any CPU
		Release|Any CPU = Release|Any CPU
	EndGlobalSection
	GlobalSection(ProjectConfigurationPlatforms) = postSolution
		{EDDDB344-360B-48F8-959E-53D00807ABC2}.Debug No Contracts|Any CPU.ActiveCfg = Debug|Any CPU
		{EDDDB344-360B-48F8-959E-53D00807ABC2}.Debug No Contracts|Any CPU.Build.0 = Debug|Any CPU
		{EDDDB344-360B-48F8-959E-53D00807ABC2}.Debug|Any CPU.ActiveCfg = Debug|Any CPU
		{EDDDB344-360B-48F8-959E-53D00807ABC2}.Debug|Any CPU.Build.0 = Debug|Any CPU
		{EDDDB344-360B-48F8-959E-53D00807ABC2}.Release|Any CPU.ActiveCfg = Release|Any CPU
		{EDDDB344-360B-48F8-959E-53D00807ABC2}.Release|Any CPU.Build.0 = Release|Any CPU
		{BCBF18DB-31A8-4553-BCBF-77D6C7790259}.Debug No Contracts|Any CPU.ActiveCfg = Debug No Contracts|Any CPU
		{BCBF18DB-31A8-4553-BCBF-77D6C7790259}.Debug No Contracts|Any CPU.Build.0 = Debug No Contracts|Any CPU
		{BCBF18DB-31A8-4553-BCBF-77D6C7790259}.Debug|Any CPU.ActiveCfg = Debug|Any CPU
		{BCBF18DB-31A8-4553-BCBF-77D6C7790259}.Debug|Any CPU.Build.0 = Debug|Any CPU
		{BCBF18DB-31A8-4553-BCBF-77D6C7790259}.Release|Any CPU.ActiveCfg = Release|Any CPU
		{BCBF18DB-31A8-4553-BCBF-77D6C7790259}.Release|Any CPU.Build.0 = Release|Any CPU
		{DC0D7136-5F0D-4FBD-BD8D-B4F28DC10C11}.Debug No Contracts|Any CPU.ActiveCfg = Debug No Contracts|Any CPU
		{DC0D7136-5F0D-4FBD-BD8D-B4F28DC10C11}.Debug No Contracts|Any CPU.Build.0 = Debug No Contracts|Any CPU
		{DC0D7136-5F0D-4FBD-BD8D-B4F28DC10C11}.Debug|Any CPU.ActiveCfg = Debug|Any CPU
		{DC0D7136-5F0D-4FBD-BD8D-B4F28DC10C11}.Debug|Any CPU.Build.0 = Debug|Any CPU
		{DC0D7136-5F0D-4FBD-BD8D-B4F28DC10C11}.Release|Any CPU.ActiveCfg = Release|Any CPU
		{DC0D7136-5F0D-4FBD-BD8D-B4F28DC10C11}.Release|Any CPU.Build.0 = Release|Any CPU
		{44947934-AC3F-40E0-9303-21EF5975FD7F}.Debug No Contracts|Any CPU.ActiveCfg = Debug No Contracts|Any CPU
		{44947934-AC3F-40E0-9303-21EF5975FD7F}.Debug No Contracts|Any CPU.Build.0 = Debug No Contracts|Any CPU
		{44947934-AC3F-40E0-9303-21EF5975FD7F}.Debug|Any CPU.ActiveCfg = Debug|Any CPU
		{44947934-AC3F-40E0-9303-21EF5975FD7F}.Debug|Any CPU.Build.0 = Debug|Any CPU
		{44947934-AC3F-40E0-9303-21EF5975FD7F}.Release|Any CPU.ActiveCfg = Release|Any CPU
		{44947934-AC3F-40E0-9303-21EF5975FD7F}.Release|Any CPU.Build.0 = Release|Any CPU
		{9AD0F1B4-0287-4E8D-9BBE-6A2738EF8063}.Debug No Contracts|Any CPU.ActiveCfg = Debug No Contracts|Any CPU
		{9AD0F1B4-0287-4E8D-9BBE-6A2738EF8063}.Debug No Contracts|Any CPU.Build.0 = Debug No Contracts|Any CPU
		{9AD0F1B4-0287-4E8D-9BBE-6A2738EF8063}.Debug|Any CPU.ActiveCfg = Debug|Any CPU
		{9AD0F1B4-0287-4E8D-9BBE-6A2738EF8063}.Debug|Any CPU.Build.0 = Debug|Any CPU
		{9AD0F1B4-0287-4E8D-9BBE-6A2738EF8063}.Release|Any CPU.ActiveCfg = Release|Any CPU
		{9AD0F1B4-0287-4E8D-9BBE-6A2738EF8063}.Release|Any CPU.Build.0 = Release|Any CPU
	EndGlobalSection
	GlobalSection(SolutionProperties) = preSolution
		HideSolutionNode = FALSE
	EndGlobalSection
	GlobalSection(NestedProjects) = preSolution
		{BCBF18DB-31A8-4553-BCBF-77D6C7790259} = {0C2E43F2-E51D-43E4-A582-FD0FDA0B2E88}
		{DC0D7136-5F0D-4FBD-BD8D-B4F28DC10C11} = {0C2E43F2-E51D-43E4-A582-FD0FDA0B2E88}
		{44947934-AC3F-40E0-9303-21EF5975FD7F} = {0C2E43F2-E51D-43E4-A582-FD0FDA0B2E88}
		{9AD0F1B4-0287-4E8D-9BBE-6A2738EF8063} = {0C2E43F2-E51D-43E4-A582-FD0FDA0B2E88}
	EndGlobalSection
EndGlobal
